
Microsoft Visual Studio Solution File, Format Version 12.00
# Visual Studio Version 16
VisualStudioVersion = 16.0.29920.165
MinimumVisualStudioVersion = 10.0.40219.1
Project("{FAE04EC0-301F-11D3-BF4B-00C04F79EFBC}") = "MyFirstWebApi", "MyFirstWebApi\MyFirstWebApi.csproj", "{2E58CE43-52FC-4CEF-8796-4D512FBF5832}"
EndProject
Global
	GlobalSection(SolutionConfigurationPlatforms) = preSolution
		Debug|Any CPU = Debug|Any CPU
		Release|Any CPU = Release|Any CPU
	EndGlobalSection
	GlobalSection(ProjectConfigurationPlatforms) = postSolution
		{2E58CE43-52FC-4CEF-8796-4D512FBF5832}.Debug|Any CPU.ActiveCfg = Debug|Any CPU
		{2E58CE43-52FC-4CEF-8796-4D512FBF5832}.Debug|Any CPU.Build.0 = Debug|Any CPU
		{2E58CE43-52FC-4CEF-8796-4D512FBF5832}.Release|Any CPU.ActiveCfg = Release|Any CPU
		{2E58CE43-52FC-4CEF-8796-4D512FBF5832}.Release|Any CPU.Build.0 = Release|Any CPU
	EndGlobalSection
	GlobalSection(SolutionProperties) = preSolution
		HideSolutionNode = FALSE
	EndGlobalSection
	GlobalSection(ExtensibilityGlobals) = postSolution
		SolutionGuid = {B5EB63F4-C0B3-49A0-A93F-D8F46834EA04}
	EndGlobalSection
EndGlobal
